
Microsoft Visual Studio Solution File, Format Version 12.00
# Visual Studio Version 17
VisualStudioVersion = 17.0.31903.59
MinimumVisualStudioVersion = 10.0.40219.1
Project("{2150E333-8FDC-42A3-9474-1A3956D46DE8}") = "src", "src", "{D5F3EA1F-ACC0-466E-9B86-B49E3BE34DA1}"
EndProject
Project("{2150E333-8FDC-42A3-9474-1A3956D46DE8}") = "entry", "entry", "{10B6CDBB-EF83-4B08-9F00-822FBD73EAC0}"
EndProject
Project("{FAE04EC0-301F-11D3-BF4B-00C04F79EFBC}") = "Rest", "src\entry\Rest\Rest.csproj", "{DC62E0D1-5497-45F7-B9B8-3776B32D1CD0}"
EndProject
Project("{2150E333-8FDC-42A3-9474-1A3956D46DE8}") = "core", "core", "{794A5C87-1670-4601-96D9-B3367754E0BC}"
EndProject
Project("{FAE04EC0-301F-11D3-BF4B-00C04F79EFBC}") = "Core", "src\core\Core\Core.csproj", "{414E6687-470F-4EA7-8C68-8BAD24FD0E4C}"
EndProject
Project("{2150E333-8FDC-42A3-9474-1A3956D46DE8}") = "external", "external", "{5B5E8D20-0382-43E7-9D10-EB4D152DE8A0}"
EndProject
Project("{FAE04EC0-301F-11D3-BF4B-00C04F79EFBC}") = "Persistence", "src\external\Persistence\Persistence.csproj", "{4F1B4E07-6402-428D-B540-299DA83C475E}"
EndProject
Project("{2150E333-8FDC-42A3-9474-1A3956D46DE8}") = "tests", "tests", "{42C6D9C1-11ED-4D01-9CF0-01813245FA98}"
EndProject
Project("{FAE04EC0-301F-11D3-BF4B-00C04F79EFBC}") = "DependencyInjection.Benchmarks", "tests\DependencyInjection.Benchmarks\DependencyInjection.Benchmarks.csproj", "{080DB23A-4339-4F42-AC44-7AE5D23AB76F}"
EndProject
Project("{FAE04EC0-301F-11D3-BF4B-00C04F79EFBC}") = "RestV2", "src\entry\RestV2\RestV2.csproj", "{95F95FDF-6C31-49AB-A892-0934B100EC05}"
EndProject
Global
	GlobalSection(SolutionConfigurationPlatforms) = preSolution
		Debug|Any CPU = Debug|Any CPU
		Release|Any CPU = Release|Any CPU
	EndGlobalSection
	GlobalSection(SolutionProperties) = preSolution
		HideSolutionNode = FALSE
	EndGlobalSection
	GlobalSection(ProjectConfigurationPlatforms) = postSolution
		{DC62E0D1-5497-45F7-B9B8-3776B32D1CD0}.Debug|Any CPU.ActiveCfg = Debug|Any CPU
		{DC62E0D1-5497-45F7-B9B8-3776B32D1CD0}.Debug|Any CPU.Build.0 = Debug|Any CPU
		{DC62E0D1-5497-45F7-B9B8-3776B32D1CD0}.Release|Any CPU.ActiveCfg = Release|Any CPU
		{DC62E0D1-5497-45F7-B9B8-3776B32D1CD0}.Release|Any CPU.Build.0 = Release|Any CPU
		{414E6687-470F-4EA7-8C68-8BAD24FD0E4C}.Debug|Any CPU.ActiveCfg = Debug|Any CPU
		{414E6687-470F-4EA7-8C68-8BAD24FD0E4C}.Debug|Any CPU.Build.0 = Debug|Any CPU
		{414E6687-470F-4EA7-8C68-8BAD24FD0E4C}.Release|Any CPU.ActiveCfg = Release|Any CPU
		{414E6687-470F-4EA7-8C68-8BAD24FD0E4C}.Release|Any CPU.Build.0 = Release|Any CPU
		{4F1B4E07-6402-428D-B540-299DA83C475E}.Debug|Any CPU.ActiveCfg = Debug|Any CPU
		{4F1B4E07-6402-428D-B540-299DA83C475E}.Debug|Any CPU.Build.0 = Debug|Any CPU
		{4F1B4E07-6402-428D-B540-299DA83C475E}.Release|Any CPU.ActiveCfg = Release|Any CPU
		{4F1B4E07-6402-428D-B540-299DA83C475E}.Release|Any CPU.Build.0 = Release|Any CPU
		{080DB23A-4339-4F42-AC44-7AE5D23AB76F}.Debug|Any CPU.ActiveCfg = Debug|Any CPU
		{080DB23A-4339-4F42-AC44-7AE5D23AB76F}.Debug|Any CPU.Build.0 = Debug|Any CPU
		{080DB23A-4339-4F42-AC44-7AE5D23AB76F}.Release|Any CPU.ActiveCfg = Release|Any CPU
		{080DB23A-4339-4F42-AC44-7AE5D23AB76F}.Release|Any CPU.Build.0 = Release|Any CPU
		{95F95FDF-6C31-49AB-A892-0934B100EC05}.Debug|Any CPU.ActiveCfg = Debug|Any CPU
		{95F95FDF-6C31-49AB-A892-0934B100EC05}.Debug|Any CPU.Build.0 = Debug|Any CPU
		{95F95FDF-6C31-49AB-A892-0934B100EC05}.Release|Any CPU.ActiveCfg = Release|Any CPU
		{95F95FDF-6C31-49AB-A892-0934B100EC05}.Release|Any CPU.Build.0 = Release|Any CPU
	EndGlobalSection
	GlobalSection(NestedProjects) = preSolution
		{10B6CDBB-EF83-4B08-9F00-822FBD73EAC0} = {D5F3EA1F-ACC0-466E-9B86-B49E3BE34DA1}
		{DC62E0D1-5497-45F7-B9B8-3776B32D1CD0} = {10B6CDBB-EF83-4B08-9F00-822FBD73EAC0}
		{794A5C87-1670-4601-96D9-B3367754E0BC} = {D5F3EA1F-ACC0-466E-9B86-B49E3BE34DA1}
		{414E6687-470F-4EA7-8C68-8BAD24FD0E4C} = {794A5C87-1670-4601-96D9-B3367754E0BC}
		{5B5E8D20-0382-43E7-9D10-EB4D152DE8A0} = {D5F3EA1F-ACC0-466E-9B86-B49E3BE34DA1}
		{4F1B4E07-6402-428D-B540-299DA83C475E} = {5B5E8D20-0382-43E7-9D10-EB4D152DE8A0}
		{080DB23A-4339-4F42-AC44-7AE5D23AB76F} = {42C6D9C1-11ED-4D01-9CF0-01813245FA98}
		{95F95FDF-6C31-49AB-A892-0934B100EC05} = {10B6CDBB-EF83-4B08-9F00-822FBD73EAC0}
	EndGlobalSection
EndGlobal
